{
  "name": "pokebox.github.io",
  "lockfileVersion": 3,
  "requires": true,
  "packages": {
    "": {
      "dependencies": {
        "hexo-theme-redefine": "^2.9.0"
      }
    },
    "node_modules/hexo-theme-redefine": {
      "version": "2.9.0",
      "resolved": "https://registry.npmjs.org/hexo-theme-redefine/-/hexo-theme-redefine-2.9.0.tgz",
      "integrity": "sha512-rKsxBPwdJ95kitOqNTLVhY6Wh0mN/5elbDmR5GcrLYrVsZhhY+f1vmgyptUPhkMWp0NiwzrXc4QSkbncfN+vWg==",
      "license": "GPL-3.0"
    }
  }
}
